
Microsoft Visual Studio Solution File, Format Version 12.00
# Visual Studio Version 16
VisualStudioVersion = 16.0.31515.178
MinimumVisualStudioVersion = 10.0.40219.1
Project("{FAE04EC0-301F-11D3-BF4B-00C04F79EFBC}") = "ManagerCD", "ManagerCD\ManagerCD.csproj", "{E5C5C7EE-6CF7-4125-B103-3C8943C8F4DC}"
EndProject
Global
	GlobalSection(SolutionConfigurationPlatforms) = preSolution
		Debug|Any CPU = Debug|Any CPU
		Release|Any CPU = Release|Any CPU
	EndGlobalSection
	GlobalSection(ProjectConfigurationPlatforms) = postSolution
		{E5C5C7EE-6CF7-4125-B103-3C8943C8F4DC}.Debug|Any CPU.ActiveCfg = Debug|Any CPU
		{E5C5C7EE-6CF7-4125-B103-3C8943C8F4DC}.Debug|Any CPU.Build.0 = Debug|Any CPU
		{E5C5C7EE-6CF7-4125-B103-3C8943C8F4DC}.Release|Any CPU.ActiveCfg = Release|Any CPU
		{E5C5C7EE-6CF7-4125-B103-3C8943C8F4DC}.Release|Any CPU.Build.0 = Release|Any CPU
	EndGlobalSection
	GlobalSection(SolutionProperties) = preSolution
		HideSolutionNode = FALSE
	EndGlobalSection
	GlobalSection(ExtensibilityGlobals) = postSolution
		SolutionGuid = {5DD4ED5A-9930-4029-A819-ACF76582FB5C}
	EndGlobalSection
EndGlobal
